// !$*UTF8*$!
{
	archiveVersion = 1;
	classes = {
	};
	objectVersion = 46;
	objects = {

/* Begin PBXBuildFile section */
		AA34E5E31DF120D5006CE7AE /* main.swift in Sources */ = {isa = PBXBuildFile; fileRef = AA34E5E21DF120D5006CE7AE /* main.swift */; };
		AAACB1861E0D99F2005FE286 /* Token.swift in Sources */ = {isa = PBXBuildFile; fileRef = AAACB1851E0D99F2005FE286 /* Token.swift */; };
		AAACB1881E0D99FB005FE286 /* TokenizingError.swift in Sources */ = {isa = PBXBuildFile; fileRef = AAACB1871E0D99FB005FE286 /* TokenizingError.swift */; };
		AAACB18A1E0D9A05005FE286 /* Tokenizing.swift in Sources */ = {isa = PBXBuildFile; fileRef = AAACB1891E0D9A05005FE286 /* Tokenizing.swift */; };
		AAACB18C1E0D9A12005FE286 /* CharacterBasedTokenizer.swift in Sources */ = {isa = PBXBuildFile; fileRef = AAACB18B1E0D9A12005FE286 /* CharacterBasedTokenizer.swift */; };
		AAACB18E1E0D9B39005FE286 /* SampleData.swift in Sources */ = {isa = PBXBuildFile; fileRef = AAACB18D1E0D9B39005FE286 /* SampleData.swift */; };
		AAACB1901E0D9BC7005FE286 /* Measuring.swift in Sources */ = {isa = PBXBuildFile; fileRef = AAACB18F1E0D9BC7005FE286 /* Measuring.swift */; };
/* End PBXBuildFile section */

/* Begin PBXCopyFilesBuildPhase section */
		AA34E5DD1DF120D5006CE7AE /* CopyFiles */ = {
			isa = PBXCopyFilesBuildPhase;
			buildActionMask = 2147483647;
			dstPath = /usr/share/man/man1/;
			dstSubfolderSpec = 0;
			files = (
			);
			runOnlyForDeploymentPostprocessing = 1;
		};
/* End PBXCopyFilesBuildPhase section */

/* Begin PBXFileReference section */
		AA34E5DF1DF120D5006CE7AE /* Tokenizing */ = {isa = PBXFileReference; explicitFileType = "compiled.mach-o.executable"; includeInIndex = 0; path = Tokenizing; sourceTree = BUILT_PRODUCTS_DIR; };
		AA34E5E21DF120D5006CE7AE /* main.swift */ = {isa = PBXFileReference; lastKnownFileType = sourcecode.swift; path = main.swift; sourceTree = "<group>"; };
		AAACB1851E0D99F2005FE286 /* Token.swift */ = {isa = PBXFileReference; fileEncoding = 4; lastKnownFileType = sourcecode.swift; path = Token.swift; sourceTree = "<group>"; };
		AAACB1871E0D99FB005FE286 /* TokenizingError.swift */ = {isa = PBXFileReference; fileEncoding = 4; lastKnownFileType = sourcecode.swift; path = TokenizingError.swift; sourceTree = "<group>"; };
		AAACB1891E0D9A05005FE286 /* Tokenizing.swift */ = {isa = PBXFileReference; fileEncoding = 4; lastKnownFileType = sourcecode.swift; path = Tokenizing.swift; sourceTree = "<group>"; };
		AAACB18B1E0D9A12005FE286 /* CharacterBasedTokenizer.swift */ = {isa = PBXFileReference; fileEncoding = 4; lastKnownFileType = sourcecode.swift; path = CharacterBasedTokenizer.swift; sourceTree = "<group>"; };
		AAACB18D1E0D9B39005FE286 /* SampleData.swift */ = {isa = PBXFileReference; fileEncoding = 4; lastKnownFileType = sourcecode.swift; path = SampleData.swift; sourceTree = "<group>"; };
		AAACB18F1E0D9BC7005FE286 /* Measuring.swift */ = {isa = PBXFileReference; fileEncoding = 4; indentWidth = 2; lastKnownFileType = sourcecode.swift; path = Measuring.swift; sourceTree = "<group>"; };
/* End PBXFileReference section */

/* Begin PBXFrameworksBuildPhase section */
		AA34E5DC1DF120D5006CE7AE /* Frameworks */ = {
			isa = PBXFrameworksBuildPhase;
			buildActionMask = 2147483647;
			files = (
			);
			runOnlyForDeploymentPostprocessing = 0;
		};
/* End PBXFrameworksBuildPhase section */

/* Begin PBXGroup section */
		AA34E5D61DF120D5006CE7AE = {
			isa = PBXGroup;
			children = (
				AA34E5E11DF120D5006CE7AE /* Tokenizing */,
				AA34E5E01DF120D5006CE7AE /* Products */,
			);
			sourceTree = "<group>";
		};
		AA34E5E01DF120D5006CE7AE /* Products */ = {
			isa = PBXGroup;
			children = (
				AA34E5DF1DF120D5006CE7AE /* Tokenizing */,
			);
			name = Products;
			sourceTree = "<group>";
		};
		AA34E5E11DF120D5006CE7AE /* Tokenizing */ = {
			isa = PBXGroup;
			children = (
				AAACB18B1E0D9A12005FE286 /* CharacterBasedTokenizer.swift */,
				AA34E5E21DF120D5006CE7AE /* main.swift */,
				AAACB18F1E0D9BC7005FE286 /* Measuring.swift */,
				AAACB18D1E0D9B39005FE286 /* SampleData.swift */,
				AAACB1851E0D99F2005FE286 /* Token.swift */,
				AAACB1891E0D9A05005FE286 /* Tokenizing.swift */,
				AAACB1871E0D99FB005FE286 /* TokenizingError.swift */,
			);
			path = Tokenizing;
			sourceTree = "<group>";
		};
/* End PBXGroup section */

/* Begin PBXNativeTarget section */
		AA34E5DE1DF120D5006CE7AE /* Tokenizing */ = {
			isa = PBXNativeTarget;
			buildConfigurationList = AA34E5E61DF120D5006CE7AE /* Build configuration list for PBXNativeTarget "Tokenizing" */;
			buildPhases = (
				AA34E5DB1DF120D5006CE7AE /* Sources */,
				AA34E5DC1DF120D5006CE7AE /* Frameworks */,
				AA34E5DD1DF120D5006CE7AE /* CopyFiles */,
			);
			buildRules = (
			);
			dependencies = (
			);
			name = Tokenizing;
			productName = Tokenizing;
			productReference = AA34E5DF1DF120D5006CE7AE /* Tokenizing */;
			productType = "com.apple.product-type.tool";
		};
/* End PBXNativeTarget section */

/* Begin PBXProject section */
		AA34E5D71DF120D5006CE7AE /* Project object */ = {
			isa = PBXProject;
			attributes = {
				LastSwiftUpdateCheck = 0810;
				LastUpgradeCheck = 0810;
				ORGANIZATIONNAME = "Tony Allevato";
				TargetAttributes = {
					AA34E5DE1DF120D5006CE7AE = {
						CreatedOnToolsVersion = 8.1;
						DevelopmentTeam = BM6BV7V52K;
						ProvisioningStyle = Automatic;
					};
				};
			};
			buildConfigurationList = AA34E5DA1DF120D5006CE7AE /* Build configuration list for PBXProject "Tokenizing" */;
			compatibilityVersion = "Xcode 3.2";
			developmentRegion = English;
			hasScannedForEncodings = 0;
			knownRegions = (
				en,
			);
			mainGroup = AA34E5D61DF120D5006CE7AE;
			productRefGroup = AA34E5E01DF120D5006CE7AE /* Products */;
			projectDirPath = "";
			projectRoot = "";
			targets = (
				AA34E5DE1DF120D5006CE7AE /* Tokenizing */,
			);
		};
/* End PBXProject section */

/* Begin PBXSourcesBuildPhase section */
		AA34E5DB1DF120D5006CE7AE /* Sources */ = {
			isa = PBXSourcesBuildPhase;
			buildActionMask = 2147483647;
			files = (
				AAACB18C1E0D9A12005FE286 /* CharacterBasedTokenizer.swift in Sources */,
				AAACB18E1E0D9B39005FE286 /* SampleData.swift in Sources */,
				AA34E5E31DF120D5006CE7AE /* main.swift in Sources */,
				AAACB18A1E0D9A05005FE286 /* Tokenizing.swift in Sources */,
				AAACB1861E0D99F2005FE286 /* Token.swift in Sources */,
				AAACB1901E0D9BC7005FE286 /* Measuring.swift in Sources */,
				AAACB1881E0D99FB005FE286 /* TokenizingError.swift in Sources */,
			);
			runOnlyForDeploymentPostprocessing = 0;
		};
/* End PBXSourcesBuildPhase section */

/* Begin XCBuildConfiguration section */
		AA34E5E41DF120D5006CE7AE /* Debug */ = {
			isa = XCBuildConfiguration;
			buildSettings = {
				ALWAYS_SEARCH_USER_PATHS = NO;
				CLANG_ANALYZER_NONNULL = YES;
				CLANG_CXX_LANGUAGE_STANDARD = "gnu++0x";
				CLANG_CXX_LIBRARY = "libc++";
				CLANG_ENABLE_MODULES = YES;
				CLANG_ENABLE_OBJC_ARC = YES;
				CLANG_WARN_BOOL_CONVERSION = YES;
				CLANG_WARN_CONSTANT_CONVERSION = YES;
				CLANG_WARN_DIRECT_OBJC_ISA_USAGE = YES_ERROR;
				CLANG_WARN_DOCUMENTATION_COMMENTS = YES;
				CLANG_WARN_EMPTY_BODY = YES;
				CLANG_WARN_ENUM_CONVERSION = YES;
				CLANG_WARN_INFINITE_RECURSION = YES;
				CLANG_WARN_INT_CONVERSION = YES;
				CLANG_WARN_OBJC_ROOT_CLASS = YES_ERROR;
				CLANG_WARN_SUSPICIOUS_MOVES = YES;
				CLANG_WARN_UNREACHABLE_CODE = YES;
				CLANG_WARN__DUPLICATE_METHOD_MATCH = YES;
				CODE_SIGN_IDENTITY = "-";
				COPY_PHASE_STRIP = NO;
				DEBUG_INFORMATION_FORMAT = dwarf;
				ENABLE_STRICT_OBJC_MSGSEND = YES;
				ENABLE_TESTABILITY = YES;
				GCC_C_LANGUAGE_STANDARD = gnu99;
				GCC_DYNAMIC_NO_PIC = NO;
				GCC_NO_COMMON_BLOCKS = YES;
				GCC_OPTIMIZATION_LEVEL = 0;
				GCC_PREPROCESSOR_DEFINITIONS = (
					"DEBUG=1",
					"$(inherited)",
				);
				GCC_WARN_64_TO_32_BIT_CONVERSION = YES;
				GCC_WARN_ABOUT_RETURN_TYPE = YES_ERROR;
				GCC_WARN_UNDECLARED_SELECTOR = YES;
				GCC_WARN_UNINITIALIZED_AUTOS = YES_AGGRESSIVE;
				GCC_WARN_UNUSED_FUNCTION = YES;
				GCC_WARN_UNUSED_VARIABLE = YES;
				MACOSX_DEPLOYMENT_TARGET = 10.12;
				MTL_ENABLE_DEBUG_INFO = YES;
				ONLY_ACTIVE_ARCH = YES;
				SDKROOT = macosx;
				SWIFT_OPTIMIZATION_LEVEL = "-Onone";
			};
			name = Debug;
		};
		AA34E5E51DF120D5006CE7AE /* Release */ = {
			isa = XCBuildConfiguration;
			buildSettings = {
				ALWAYS_SEARCH_USER_PATHS = NO;
				CLANG_ANALYZER_NONNULL = YES;
				CLANG_CXX_LANGUAGE_STANDARD = "gnu++0x";
				CLANG_CXX_LIBRARY = "libc++";
				CLANG_ENABLE_MODULES = YES;
				CLANG_ENABLE_OBJC_ARC = YES;
				CLANG_WARN_BOOL_CONVERSION = YES;
				CLANG_WARN_CONSTANT_CONVERSION = YES;
				CLANG_WARN_DIRECT_OBJC_ISA_USAGE = YES_ERROR;
				CLANG_WARN_DOCUMENTATION_COMMENTS = YES;
				CLANG_WARN_EMPTY_BODY = YES;
				CLANG_WARN_ENUM_CONVERSION = YES;
				CLANG_WARN_INFINITE_RECURSION = YES;
				CLANG_WARN_INT_CONVERSION = YES;
				CLANG_WARN_OBJC_ROOT_CLASS = YES_ERROR;
				CLANG_WARN_SUSPICIOUS_MOVES = YES;
				CLANG_WARN_UNREACHABLE_CODE = YES;
				CLANG_WARN__DUPLICATE_METHOD_MATCH = YES;
				CODE_SIGN_IDENTITY = "-";
				COPY_PHASE_STRIP = NO;
				DEBUG_INFORMATION_FORMAT = "dwarf-with-dsym";
				ENABLE_NS_ASSERTIONS = NO;
				ENABLE_STRICT_OBJC_MSGSEND = YES;
				GCC_C_LANGUAGE_STANDARD = gnu99;
				GCC_NO_COMMON_BLOCKS = YES;
				GCC_WARN_64_TO_32_BIT_CONVERSION = YES;
				GCC_WARN_ABOUT_RETURN_TYPE = YES_ERROR;
				GCC_WARN_UNDECLARED_SELECTOR = YES;
				GCC_WARN_UNINITIALIZED_AUTOS = YES_AGGRESSIVE;
				GCC_WARN_UNUSED_FUNCTION = YES;
				GCC_WARN_UNUSED_VARIABLE = YES;
				MACOSX_DEPLOYMENT_TARGET = 10.12;
				MTL_ENABLE_DEBUG_INFO = NO;
				SDKROOT = macosx;
			};
			name = Release;
		};
		AA34E5E71DF120D5006CE7AE /* Debug */ = {
			isa = XCBuildConfiguration;
			buildSettings = {
				DEVELOPMENT_TEAM = BM6BV7V52K;
				PRODUCT_NAME = "$(TARGET_NAME)";
				SWIFT_OPTIMIZATION_LEVEL = "-O";
				SWIFT_VERSION = 3.0;
			};
			name = Debug;
		};
		AA34E5E81DF120D5006CE7AE /* Release */ = {
			isa = XCBuildConfiguration;
			buildSettings = {
				DEVELOPMENT_TEAM = BM6BV7V52K;
				PRODUCT_NAME = "$(TARGET_NAME)";
				SWIFT_VERSION = 3.0;
			};
			name = Release;
		};
/* End XCBuildConfiguration section */

/* Begin XCConfigurationList section */
		AA34E5DA1DF120D5006CE7AE /* Build configuration list for PBXProject "Tokenizing" */ = {
			isa = XCConfigurationList;
			buildConfigurations = (
				AA34E5E41DF120D5006CE7AE /* Debug */,
				AA34E5E51DF120D5006CE7AE /* Release */,
			);
			defaultConfigurationIsVisible = 0;
			defaultConfigurationName = Release;
		};
		AA34E5E61DF120D5006CE7AE /* Build configuration list for PBXNativeTarget "Tokenizing" */ = {
			isa = XCConfigurationList;
			buildConfigurations = (
				AA34E5E71DF120D5006CE7AE /* Debug */,
				AA34E5E81DF120D5006CE7AE /* Release */,
			);
			defaultConfigurationIsVisible = 0;
			defaultConfigurationName = Release;
		};
/* End XCConfigurationList section */
	};
	rootObject = AA34E5D71DF120D5006CE7AE /* Project object */;
}
